
Microsoft Visual Studio Solution File, Format Version 12.00
# Visual Studio Version 17
VisualStudioVersion = 17.8.34525.116
MinimumVisualStudioVersion = 10.0.40219.1
Project("{FAE04EC0-301F-11D3-BF4B-00C04F79EFBC}") = "Task Maneger", "Task Maneger\Task Maneger.csproj", "{5267D76C-1DBF-4E70-95D6-9D9EC022DAE7}"
EndProject
Global
	GlobalSection(SolutionConfigurationPlatforms) = preSolution
		Debug|Any CPU = Debug|Any CPU
		Release|Any CPU = Release|Any CPU
	EndGlobalSection
	GlobalSection(ProjectConfigurationPlatforms) = postSolution
		{5267D76C-1DBF-4E70-95D6-9D9EC022DAE7}.Debug|Any CPU.ActiveCfg = Debug|Any CPU
		{5267D76C-1DBF-4E70-95D6-9D9EC022DAE7}.Debug|Any CPU.Build.0 = Debug|Any CPU
		{5267D76C-1DBF-4E70-95D6-9D9EC022DAE7}.Release|Any CPU.ActiveCfg = Release|Any CPU
		{5267D76C-1DBF-4E70-95D6-9D9EC022DAE7}.Release|Any CPU.Build.0 = Release|Any CPU
	EndGlobalSection
	GlobalSection(SolutionProperties) = preSolution
		HideSolutionNode = FALSE
	EndGlobalSection
	GlobalSection(ExtensibilityGlobals) = postSolution
		SolutionGuid = {5F8DF792-F1E6-4AB7-A601-9A4B587E770B}
	EndGlobalSection
EndGlobal
